version = 1
requires-python = ">=3.10"

[[package]]
name = "asgiref"
version = "3.9.1"
source = { registry = "https://pypi.org/simple" }
dependencies = [
    { name = "typing-extensions", marker = "python_full_version < '3.11'" },
]
sdist = { url = "https://files.pythonhosted.org/packages/90/61/0aa957eec22ff70b830b22ff91f825e70e1ef732c06666a805730f28b36b/asgiref-3.9.1.tar.gz", hash = "sha256:a5ab6582236218e5ef1648f242fd9f10626cfd4de8dc377db215d5d5098e3142", size = 36870 }
wheels = [
    { url = "https://files.pythonhosted.org/packages/7c/3c/0464dcada90d5da0e71018c04a140ad6349558afb30b3051b4264cc5b965/asgiref-3.9.1-py3-none-any.whl", hash = "sha256:f3bba7092a48005b5f5bacd747d36ee4a5a61f4a269a6df590b43144355ebd2c", size = 23790 },
]

[[package]]
name = "cutmycode"
version = "0.1.0"
source = { virtual = "." }
dependencies = [
    { name = "django" },
    { name = "django-codemirror6" },
    { name = "django-cotton" },
    { name = "django-environ" },
    { name = "djangorestframework" },
    { name = "pygments" },
]

[package.dev-dependencies]
dev = [
    { name = "django-debug-toolbar" },
]

[package.metadata]
requires-dist = [
    { name = "django", specifier = ">=5.2.4" },
    { name = "django-codemirror6", specifier = ">=1.0.1" },
    { name = "django-cotton", specifier = ">=2.1.3" },
    { name = "django-environ", specifier = ">=0.12.0" },
    { name = "djangorestframework", specifier = ">=3.16.0" },
    { name = "pygments", specifier = ">=2.19.2" },
]

[package.metadata.requires-dev]
dev = [{ name = "django-debug-toolbar", specifier = ">=6.0.0" }]

[[package]]
name = "django"
version = "5.2.4"
source = { registry = "https://pypi.org/simple" }
dependencies = [
    { name = "asgiref" },
    { name = "sqlparse" },
    { name = "tzdata", marker = "sys_platform == 'win32'" },
]
sdist = { url = "https://files.pythonhosted.org/packages/9c/7e/034f0f9fb10c029a02daaf44d364d6bf2eced8c73f0d38c69da359d26b01/django-5.2.4.tar.gz", hash = "sha256:a1228c384f8fa13eebc015196db7b3e08722c5058d4758d20cb287503a540d8f", size = 10831909 }
wheels = [
    { url = "https://files.pythonhosted.org/packages/14/ae/706965237a672434c8b520e89a818e8b047af94e9beb342d0bee405c26c7/django-5.2.4-py3-none-any.whl", hash = "sha256:60c35bd96201b10c6e7a78121bd0da51084733efa303cc19ead021ab179cef5e", size = 8302187 },
]

[[package]]
name = "django-codemirror6"
version = "1.0.1"
source = { registry = "https://pypi.org/simple" }
dependencies = [
    { name = "django" },
]
sdist = { url = "https://files.pythonhosted.org/packages/8e/39/84ebcb2c950a3bdb699f9890b08e546ddb160b52c46fa0448848fa2c80cb/django-codemirror6-1.0.1.tar.gz", hash = "sha256:47881f7dfaf0e082780c3fd5ee957d173bd37616c63332041605e9618a11216b", size = 15016945 }
wheels = [
    { url = "https://files.pythonhosted.org/packages/d5/27/2b4bc44b1e94ea5c17b993cf2943b7d37e5406a9fb505a4ce8d5e3c2d903/django_codemirror6-1.0.1-py3-none-any.whl", hash = "sha256:cac08b32ce1530ade42413afa5c639b992477c79d90145f1839bda1bf7e66c50", size = 15125906 },
]

[[package]]
name = "django-cotton"
version = "2.1.3"
source = { registry = "https://pypi.org/simple" }
dependencies = [
    { name = "django" },
]
sdist = { url = "https://files.pythonhosted.org/packages/c3/99/36e318ebd1ace3fc874541a02e7e4149def8e21aab85aceb7bb01e17607b/django_cotton-2.1.3.tar.gz", hash = "sha256:737f9c088549d7febbf78532856ddf1270799675a4bc9fa191a5db0e195a9c13", size = 23432 }
wheels = [
    { url = "https://files.pythonhosted.org/packages/ad/ec/5e5318af0304962be43e3b912aef024d8ac08c0f9a9dfcc4f0cd55d0e74e/django_cotton-2.1.3-py3-none-any.whl", hash = "sha256:f33658d05a8f5ecf7448bdf1089e2ad27d2ce42e59c752216129701d7d153c89", size = 22214 },
]

[[package]]
name = "django-debug-toolbar"
version = "6.0.0"
source = { registry = "https://pypi.org/simple" }
dependencies = [
    { name = "django" },
    { name = "sqlparse" },
]
sdist = { url = "https://files.pythonhosted.org/packages/c5/d5/5fc90234532088aeec5faa48d5b09951cc7eab6626030ed427d3bd8cd9bc/django_debug_toolbar-6.0.0.tar.gz", hash = "sha256:6eb9fa6f4a5884bf04004700ffb5a44043f1fff38784447fc52c1633448c8c14", size = 305331 }
wheels = [
    { url = "https://files.pythonhosted.org/packages/05/b5/4724a8c18fcc5b09dca7b7a0e70c34208317bb110075ad12484d6588ae91/django_debug_toolbar-6.0.0-py3-none-any.whl", hash = "sha256:0cf2cac5c307b77d6e143c914e5c6592df53ffe34642d93929e5ef095ae56841", size = 266967 },
]

[[package]]
name = "django-environ"
version = "0.12.0"
source = { registry = "https://pypi.org/simple" }
sdist = { url = "https://files.pythonhosted.org/packages/d6/04/65d2521842c42f4716225f20d8443a50804920606aec018188bbee30a6b0/django_environ-0.12.0.tar.gz", hash = "sha256:227dc891453dd5bde769c3449cf4a74b6f2ee8f7ab2361c93a07068f4179041a", size = 56804 }
wheels = [
    { url = "https://files.pythonhosted.org/packages/83/b3/0a3bec4ecbfee960f39b1842c2f91e4754251e0a6ed443db9fe3f666ba8f/django_environ-0.12.0-py2.py3-none-any.whl", hash = "sha256:92fb346a158abda07ffe6eb23135ce92843af06ecf8753f43adf9d2366dcc0ca", size = 19957 },
]

[[package]]
name = "djangorestframework"
version = "3.16.0"
source = { registry = "https://pypi.org/simple" }
dependencies = [
    { name = "django" },
]
sdist = { url = "https://files.pythonhosted.org/packages/7d/97/112c5a72e6917949b6d8a18ad6c6e72c46da4290c8f36ee5f1c1dcbc9901/djangorestframework-3.16.0.tar.gz", hash = "sha256:f022ff46613584de994c0c6a4aebbace5fd700555fbe9d33b865ebf173eba6c9", size = 1068408 }
wheels = [
    { url = "https://files.pythonhosted.org/packages/eb/3e/2448e93f4f87fc9a9f35e73e3c05669e0edd0c2526834686e949bb1fd303/djangorestframework-3.16.0-py3-none-any.whl", hash = "sha256:bea7e9f6b96a8584c5224bfb2e4348dfb3f8b5e34edbecb98da258e892089361", size = 1067305 },
]

[[package]]
name = "pygments"
version = "2.19.2"
source = { registry = "https://pypi.org/simple" }
sdist = { url = "https://files.pythonhosted.org/packages/b0/77/a5b8c569bf593b0140bde72ea885a803b82086995367bf2037de0159d924/pygments-2.19.2.tar.gz", hash = "sha256:636cb2477cec7f8952536970bc533bc43743542f70392ae026374600add5b887", size = 4968631 }
wheels = [
    { url = "https://files.pythonhosted.org/packages/c7/21/705964c7812476f378728bdf590ca4b771ec72385c533964653c68e86bdc/pygments-2.19.2-py3-none-any.whl", hash = "sha256:86540386c03d588bb81d44bc3928634ff26449851e99741617ecb9037ee5ec0b", size = 1225217 },
]

[[package]]
name = "sqlparse"
version = "0.5.3"
source = { registry = "https://pypi.org/simple" }
sdist = { url = "https://files.pythonhosted.org/packages/e5/40/edede8dd6977b0d3da179a342c198ed100dd2aba4be081861ee5911e4da4/sqlparse-0.5.3.tar.gz", hash = "sha256:09f67787f56a0b16ecdbde1bfc7f5d9c3371ca683cfeaa8e6ff60b4807ec9272", size = 84999 }
wheels = [
    { url = "https://files.pythonhosted.org/packages/a9/5c/bfd6bd0bf979426d405cc6e71eceb8701b148b16c21d2dc3c261efc61c7b/sqlparse-0.5.3-py3-none-any.whl", hash = "sha256:cf2196ed3418f3ba5de6af7e82c694a9fbdbfecccdfc72e281548517081f16ca", size = 44415 },
]

[[package]]
name = "typing-extensions"
version = "4.14.1"
source = { registry = "https://pypi.org/simple" }
sdist = { url = "https://files.pythonhosted.org/packages/98/5a/da40306b885cc8c09109dc2e1abd358d5684b1425678151cdaed4731c822/typing_extensions-4.14.1.tar.gz", hash = "sha256:38b39f4aeeab64884ce9f74c94263ef78f3c22467c8724005483154c26648d36", size = 107673 }
wheels = [
    { url = "https://files.pythonhosted.org/packages/b5/00/d631e67a838026495268c2f6884f3711a15a9a2a96cd244fdaea53b823fb/typing_extensions-4.14.1-py3-none-any.whl", hash = "sha256:d1e1e3b58374dc93031d6eda2420a48ea44a36c2b4766a4fdeb3710755731d76", size = 43906 },
]

[[package]]
name = "tzdata"
version = "2025.2"
source = { registry = "https://pypi.org/simple" }
sdist = { url = "https://files.pythonhosted.org/packages/95/32/1a225d6164441be760d75c2c42e2780dc0873fe382da3e98a2e1e48361e5/tzdata-2025.2.tar.gz", hash = "sha256:b60a638fcc0daffadf82fe0f57e53d06bdec2f36c4df66280ae79bce6bd6f2b9", size = 196380 }
wheels = [
    { url = "https://files.pythonhosted.org/packages/5c/23/c7abc0ca0a1526a0774eca151daeb8de62ec457e77262b66b359c3c7679e/tzdata-2025.2-py2.py3-none-any.whl", hash = "sha256:1a403fada01ff9221ca8044d701868fa132215d84beb92242d9acd2147f667a8", size = 347839 },
]
